
Microsoft Visual Studio Solution File, Format Version 12.00
# Visual Studio Version 17
VisualStudioVersion = 17.11.34929.205
MinimumVisualStudioVersion = 10.0.40219.1
Project("{9A19103F-16F7-4668-BE54-9A1E7A4F7556}") = "AvaloniaApplication", "AvaloniaApplication.csproj", "{7489E7F7-0767-4374-9A2B-2EFFBB1B0D19}"
EndProject
Project("{9A19103F-16F7-4668-BE54-9A1E7A4F7556}") = "AvaloniaApplication.Desktop", "..\AvaloniaApplication.Desktop\AvaloniaApplication.Desktop.csproj", "{B0AB7A81-9997-4333-9F2C-F69E893A30B8}"
EndProject
Global
	GlobalSection(SolutionConfigurationPlatforms) = preSolution
		Debug|Any CPU = Debug|Any CPU
		Release|Any CPU = Release|Any CPU
	EndGlobalSection
	GlobalSection(ProjectConfigurationPlatforms) = postSolution
		{7489E7F7-0767-4374-9A2B-2EFFBB1B0D19}.Debug|Any CPU.ActiveCfg = Debug|Any CPU
		{7489E7F7-0767-4374-9A2B-2EFFBB1B0D19}.Debug|Any CPU.Build.0 = Debug|Any CPU
		{7489E7F7-0767-4374-9A2B-2EFFBB1B0D19}.Release|Any CPU.ActiveCfg = Release|Any CPU
		{7489E7F7-0767-4374-9A2B-2EFFBB1B0D19}.Release|Any CPU.Build.0 = Release|Any CPU
		{B0AB7A81-9997-4333-9F2C-F69E893A30B8}.Debug|Any CPU.ActiveCfg = Debug|Any CPU
		{B0AB7A81-9997-4333-9F2C-F69E893A30B8}.Debug|Any CPU.Build.0 = Debug|Any CPU
		{B0AB7A81-9997-4333-9F2C-F69E893A30B8}.Release|Any CPU.ActiveCfg = Release|Any CPU
		{B0AB7A81-9997-4333-9F2C-F69E893A30B8}.Release|Any CPU.Build.0 = Release|Any CPU
	EndGlobalSection
	GlobalSection(SolutionProperties) = preSolution
		HideSolutionNode = FALSE
	EndGlobalSection
	GlobalSection(ExtensibilityGlobals) = postSolution
		SolutionGuid = {F00413DE-3837-43D7-BE6E-2F3D548A7A74}
	EndGlobalSection
EndGlobal
